{
  "requires": true,
  "lockfileVersion": 1,
  "dependencies": {
    "is-docker": {
      "version": "2.1.1",
      "resolved": "https://artifactory.ci.cts.comcast.net:443/artifactory/api/npm/npm/is-docker/-/is-docker-2.1.1.tgz",
      "integrity": "sha1-QSWojkTkUNOE4JBH7eca3C0UQVY="
    },
    "is-wsl": {
      "version": "2.2.0",
      "resolved": "https://artifactory.ci.cts.comcast.net:443/artifactory/api/npm/npm/is-wsl/-/is-wsl-2.2.0.tgz",
      "integrity": "sha1-dKTHbnfKn9P5MvKQwX6jJs0VcnE=",
      "requires": {
        "is-docker": "^2.0.0"
      }
    },
    "leaflet": {
      "version": "1.7.1",
      "resolved": "https://artifactory.ci.cts.comcast.net:443/artifactory/api/npm/npm/leaflet/-/leaflet-1.7.1.tgz",
      "integrity": "sha1-ENaEkW7f4b9B1oijuXEnwDIqKhk="
    }
  }
}
